{
  "version": 4,
  "terraform_version": "1.10.1",
  "serial": 11,
  "lineage": "c2155259-44da-529f-9eca-a5a7d757c996",
  "outputs": {},
  "resources": [
    {
      "module": "module.api_gateway",
      "mode": "data",
      "type": "aws_subnets",
      "name": "private",
      "provider": "provider[\"registry.terraform.io/hashicorp/aws\"]",
      "instances": [
        {
          "schema_version": 0,
          "attributes": {
            "filter": [
              {
                "name": "vpc-id",
                "values": [
                  "vpc-0daee22351af4fa25"
                ]
              }
            ],
            "id": "us-east-1",
            "ids": [
              "subnet-0802e43fc6b871c4a",
              "subnet-04dd266d0d20b1f2f"
            ],
            "tags": {
              "Tier": "Private"
            },
            "timeouts": null
          },
          "sensitive_attributes": []
        }
      ]
    },
    {
      "module": "module.api_gateway",
      "mode": "data",
      "type": "aws_vpc",
      "name": "selected",
      "provider": "provider[\"registry.terraform.io/hashicorp/aws\"]",
      "instances": [
        {
          "schema_version": 0,
          "attributes": {
            "arn": "arn:aws:ec2:us-east-1:797701898566:vpc/vpc-0daee22351af4fa25",
            "cidr_block": "10.0.0.0/16",
            "cidr_block_associations": [
              {
                "association_id": "vpc-cidr-assoc-08e50457123d413d5",
                "cidr_block": "10.0.0.0/16",
                "state": "associated"
              }
            ],
            "default": false,
            "dhcp_options_id": "dopt-06796781407e1ccda",
            "enable_dns_hostnames": true,
            "enable_dns_support": true,
            "enable_network_address_usage_metrics": false,
            "filter": null,
            "id": "vpc-0daee22351af4fa25",
            "instance_tenancy": "default",
            "ipv6_association_id": "",
            "ipv6_cidr_block": "",
            "main_route_table_id": "rtb-0230df92550204f57",
            "owner_id": "797701898566",
            "state": null,
            "tags": {
              "Name": "foodtrails-dev-vpc"
            },
            "timeouts": null
          },
          "sensitive_attributes": []
        }
      ]
    },
    {
      "module": "module.api_gateway",
      "mode": "managed",
      "type": "aws_security_group",
      "name": "api_gateway_endpoint",
      "provider": "provider[\"registry.terraform.io/hashicorp/aws\"]",
      "instances": [
        {
          "schema_version": 1,
          "attributes": {
            "arn": "arn:aws:ec2:us-east-1:797701898566:security-group/sg-01eb5f9e6fd84a49f",
            "description": "Security group for API Gateway VPC endpoint",
            "egress": [],
            "id": "sg-01eb5f9e6fd84a49f",
            "ingress": [
              {
                "cidr_blocks": [
                  "10.0.0.0/16"
                ],
                "description": "",
                "from_port": 443,
                "ipv6_cidr_blocks": [],
                "prefix_list_ids": [],
                "protocol": "tcp",
                "security_groups": [],
                "self": false,
                "to_port": 443
              }
            ],
            "name": "restaurant-dev-api-gateway-endpoint",
            "name_prefix": "",
            "owner_id": "797701898566",
            "revoke_rules_on_delete": false,
            "tags": {
              "Name": "restaurant-dev-api-gateway-endpoint-sg"
            },
            "tags_all": {
              "Environment": "dev",
              "Name": "restaurant-dev-api-gateway-endpoint-sg",
              "Service": "restaurant",
              "Terraform": "true"
            },
            "timeouts": null,
            "vpc_id": "vpc-0daee22351af4fa25"
          },
          "sensitive_attributes": [],
          "private": "eyJlMmJmYjczMC1lY2FhLTExZTYtOGY4OC0zNDM2M2JjN2M0YzAiOnsiY3JlYXRlIjo2MDAwMDAwMDAwMDAsImRlbGV0ZSI6OTAwMDAwMDAwMDAwfSwic2NoZW1hX3ZlcnNpb24iOiIxIn0=",
          "dependencies": [
            "module.api_gateway.data.aws_vpc.selected"
          ],
          "create_before_destroy": true
        }
      ]
    },
    {
      "module": "module.api_gateway",
      "mode": "managed",
      "type": "aws_vpc_endpoint",
      "name": "api_gateway",
      "provider": "provider[\"registry.terraform.io/hashicorp/aws\"]",
      "instances": [
        {
          "schema_version": 0,
          "attributes": {
            "arn": "arn:aws:ec2:us-east-1:797701898566:vpc-endpoint/vpce-0854efc110d8d90d6",
            "auto_accept": null,
            "cidr_blocks": [],
            "dns_entry": [
              {
                "dns_name": "vpce-0854efc110d8d90d6-fizby4un.execute-api.us-east-1.vpce.amazonaws.com",
                "hosted_zone_id": "Z7HUB22UULQXV"
              },
              {
                "dns_name": "vpce-0854efc110d8d90d6-fizby4un-us-east-1b.execute-api.us-east-1.vpce.amazonaws.com",
                "hosted_zone_id": "Z7HUB22UULQXV"
              },
              {
                "dns_name": "vpce-0854efc110d8d90d6-fizby4un-us-east-1c.execute-api.us-east-1.vpce.amazonaws.com",
                "hosted_zone_id": "Z7HUB22UULQXV"
              },
              {
                "dns_name": "execute-api.us-east-1.amazonaws.com",
                "hosted_zone_id": "Z0477326309W5SHKLPZDX"
              },
              {
                "dns_name": "*.execute-api.us-east-1.amazonaws.com",
                "hosted_zone_id": "Z0477326309W5SHKLPZDX"
              }
            ],
            "dns_options": [
              {
                "dns_record_ip_type": "ipv4",
                "private_dns_only_for_inbound_resolver_endpoint": false
              }
            ],
            "id": "vpce-0854efc110d8d90d6",
            "ip_address_type": "ipv4",
            "network_interface_ids": [
              "eni-00fe12a31cc439567",
              "eni-0c3795e5c0bae98eb"
            ],
            "owner_id": "797701898566",
            "policy": "{\"Statement\":[{\"Action\":\"*\",\"Effect\":\"Allow\",\"Principal\":\"*\",\"Resource\":\"*\"}]}",
            "prefix_list_id": null,
            "private_dns_enabled": true,
            "requester_managed": false,
            "route_table_ids": [],
            "security_group_ids": [
              "sg-01eb5f9e6fd84a49f"
            ],
            "service_name": "com.amazonaws.us-east-1.execute-api",
            "service_region": "us-east-1",
            "state": "available",
            "subnet_configuration": [
              {
                "ipv4": "10.0.4.47",
                "ipv6": "",
                "subnet_id": "subnet-0802e43fc6b871c4a"
              },
              {
                "ipv4": "10.0.5.86",
                "ipv6": "",
                "subnet_id": "subnet-04dd266d0d20b1f2f"
              }
            ],
            "subnet_ids": [
              "subnet-04dd266d0d20b1f2f",
              "subnet-0802e43fc6b871c4a"
            ],
            "tags": {
              "Name": "restaurant-dev-api-gateway-endpoint"
            },
            "tags_all": {
              "Environment": "dev",
              "Name": "restaurant-dev-api-gateway-endpoint",
              "Service": "restaurant",
              "Terraform": "true"
            },
            "timeouts": null,
            "vpc_endpoint_type": "Interface",
            "vpc_id": "vpc-0daee22351af4fa25"
          },
          "sensitive_attributes": [],
          "private": "eyJlMmJmYjczMC1lY2FhLTExZTYtOGY4OC0zNDM2M2JjN2M0YzAiOnsiY3JlYXRlIjo2MDAwMDAwMDAwMDAsImRlbGV0ZSI6NjAwMDAwMDAwMDAwLCJ1cGRhdGUiOjYwMDAwMDAwMDAwMH19",
          "dependencies": [
            "module.api_gateway.aws_security_group.api_gateway_endpoint",
            "module.api_gateway.data.aws_subnets.private",
            "module.api_gateway.data.aws_vpc.selected"
          ],
          "create_before_destroy": true
        }
      ]
    },
    {
      "module": "module.restaurant_svc_ecr",
      "mode": "managed",
      "type": "aws_ecr_repository",
      "name": "this",
      "provider": "provider[\"registry.terraform.io/hashicorp/aws\"]",
      "instances": [
        {
          "schema_version": 0,
          "attributes": {
            "arn": "arn:aws:ecr:us-east-1:797701898566:repository/restaurant-svc-dev-restaurant-svc",
            "encryption_configuration": [
              {
                "encryption_type": "KMS",
                "kms_key": "arn:aws:kms:us-east-1:797701898566:key/791bf266-5a21-4c0e-800d-8cc687689618"
              }
            ],
            "force_delete": null,
            "id": "restaurant-svc-dev-restaurant-svc",
            "image_scanning_configuration": [
              {
                "scan_on_push": true
              }
            ],
            "image_tag_mutability": "IMMUTABLE",
            "name": "restaurant-svc-dev-restaurant-svc",
            "registry_id": "797701898566",
            "repository_url": "797701898566.dkr.ecr.us-east-1.amazonaws.com/restaurant-svc-dev-restaurant-svc",
            "tags": null,
            "tags_all": {
              "Environment": "dev",
              "Service": "restaurant",
              "Terraform": "true"
            },
            "timeouts": null
          },
          "sensitive_attributes": [],
          "private": "eyJlMmJmYjczMC1lY2FhLTExZTYtOGY4OC0zNDM2M2JjN2M0YzAiOnsiZGVsZXRlIjoxMjAwMDAwMDAwMDAwfX0=",
          "create_before_destroy": true
        }
      ]
    },
    {
      "module": "module.restaurant_svc_lambda",
      "mode": "data",
      "type": "aws_subnets",
      "name": "private",
      "provider": "provider[\"registry.terraform.io/hashicorp/aws\"]",
      "instances": [
        {
          "schema_version": 0,
          "attributes": {
            "filter": [
              {
                "name": "vpc-id",
                "values": [
                  "vpc-0daee22351af4fa25"
                ]
              }
            ],
            "id": "us-east-1",
            "ids": [
              "subnet-0802e43fc6b871c4a",
              "subnet-04dd266d0d20b1f2f"
            ],
            "tags": {
              "Tier": "Private"
            },
            "timeouts": null
          },
          "sensitive_attributes": []
        }
      ]
    },
    {
      "module": "module.restaurant_svc_lambda",
      "mode": "data",
      "type": "aws_vpc",
      "name": "selected",
      "provider": "provider[\"registry.terraform.io/hashicorp/aws\"]",
      "instances": [
        {
          "schema_version": 0,
          "attributes": {
            "arn": "arn:aws:ec2:us-east-1:797701898566:vpc/vpc-0daee22351af4fa25",
            "cidr_block": "10.0.0.0/16",
            "cidr_block_associations": [
              {
                "association_id": "vpc-cidr-assoc-08e50457123d413d5",
                "cidr_block": "10.0.0.0/16",
                "state": "associated"
              }
            ],
            "default": false,
            "dhcp_options_id": "dopt-06796781407e1ccda",
            "enable_dns_hostnames": true,
            "enable_dns_support": true,
            "enable_network_address_usage_metrics": false,
            "filter": null,
            "id": "vpc-0daee22351af4fa25",
            "instance_tenancy": "default",
            "ipv6_association_id": "",
            "ipv6_cidr_block": "",
            "main_route_table_id": "rtb-0230df92550204f57",
            "owner_id": "797701898566",
            "state": null,
            "tags": {
              "Name": "foodtrails-dev-vpc"
            },
            "timeouts": null
          },
          "sensitive_attributes": []
        }
      ]
    },
    {
      "module": "module.restaurant_svc_lambda",
      "mode": "managed",
      "type": "aws_iam_policy",
      "name": "lambda_vpc",
      "provider": "provider[\"registry.terraform.io/hashicorp/aws\"]",
      "instances": [
        {
          "schema_version": 0,
          "attributes": {
            "arn": "arn:aws:iam::797701898566:policy/restaurant-dev-restaurant-svc-vpc",
            "attachment_count": 0,
            "description": "",
            "id": "arn:aws:iam::797701898566:policy/restaurant-dev-restaurant-svc-vpc",
            "name": "restaurant-dev-restaurant-svc-vpc",
            "name_prefix": "",
            "path": "/",
            "policy": "{\"Statement\":[{\"Action\":[\"ec2:CreateNetworkInterface\",\"ec2:DescribeNetworkInterfaces\",\"ec2:DeleteNetworkInterface\"],\"Effect\":\"Allow\",\"Resource\":[\"*\"]}],\"Version\":\"2012-10-17\"}",
            "policy_id": "ANPA3TOV5AFDE5LZOON4D",
            "tags": null,
            "tags_all": {
              "Environment": "dev",
              "Service": "restaurant",
              "Terraform": "true"
            }
          },
          "sensitive_attributes": [],
          "private": "bnVsbA==",
          "dependencies": [
            "module.restaurant_svc_ecr.aws_ecr_repository.this"
          ]
        }
      ]
    },
    {
      "module": "module.restaurant_svc_lambda",
      "mode": "managed",
      "type": "aws_iam_role",
      "name": "lambda_exec",
      "provider": "provider[\"registry.terraform.io/hashicorp/aws\"]",
      "instances": [
        {
          "schema_version": 0,
          "attributes": {
            "arn": "arn:aws:iam::797701898566:role/restaurant-dev-restaurant-svc-role",
            "assume_role_policy": "{\"Statement\":[{\"Action\":\"sts:AssumeRole\",\"Effect\":\"Allow\",\"Principal\":{\"Service\":\"lambda.amazonaws.com\"},\"Sid\":\"\"}],\"Version\":\"2012-10-17\"}",
            "create_date": "2025-01-23T21:00:21Z",
            "description": "",
            "force_detach_policies": false,
            "id": "restaurant-dev-restaurant-svc-role",
            "inline_policy": [],
            "managed_policy_arns": [],
            "max_session_duration": 3600,
            "name": "restaurant-dev-restaurant-svc-role",
            "name_prefix": "",
            "path": "/",
            "permissions_boundary": "",
            "tags": null,
            "tags_all": {
              "Environment": "dev",
              "Service": "restaurant",
              "Terraform": "true"
            },
            "unique_id": "AROA3TOV5AFDP6XYMLY4C"
          },
          "sensitive_attributes": [],
          "private": "bnVsbA==",
          "dependencies": [
            "module.restaurant_svc_ecr.aws_ecr_repository.this"
          ],
          "create_before_destroy": true
        }
      ]
    },
    {
      "module": "module.restaurant_svc_lambda",
      "mode": "managed",
      "type": "aws_iam_role_policy_attachment",
      "name": "lambda_vpc",
      "provider": "provider[\"registry.terraform.io/hashicorp/aws\"]",
      "instances": [
        {
          "schema_version": 0,
          "attributes": {
            "id": "restaurant-dev-restaurant-svc-role-20250123210022137100000001",
            "policy_arn": "arn:aws:iam::797701898566:policy/restaurant-dev-restaurant-svc-vpc",
            "role": "restaurant-dev-restaurant-svc-role"
          },
          "sensitive_attributes": [],
          "private": "bnVsbA==",
          "dependencies": [
            "module.restaurant_svc_ecr.aws_ecr_repository.this",
            "module.restaurant_svc_lambda.aws_iam_policy.lambda_vpc",
            "module.restaurant_svc_lambda.aws_iam_role.lambda_exec"
          ]
        }
      ]
    },
    {
      "module": "module.restaurant_svc_lambda",
      "mode": "managed",
      "type": "aws_security_group",
      "name": "lambda",
      "provider": "provider[\"registry.terraform.io/hashicorp/aws\"]",
      "instances": [
        {
          "schema_version": 1,
          "attributes": {
            "arn": "arn:aws:ec2:us-east-1:797701898566:security-group/sg-0a7793728801e3c4c",
            "description": "Security group for Lambda function restaurant-svc",
            "egress": [],
            "id": "sg-0a7793728801e3c4c",
            "ingress": [],
            "name": "restaurant-dev-restaurant-svc-lambda",
            "name_prefix": "",
            "owner_id": "797701898566",
            "revoke_rules_on_delete": false,
            "tags": {
              "Name": "restaurant-dev-restaurant-svc-lambda-sg"
            },
            "tags_all": {
              "Environment": "dev",
              "Name": "restaurant-dev-restaurant-svc-lambda-sg",
              "Service": "restaurant",
              "Terraform": "true"
            },
            "timeouts": null,
            "vpc_id": "vpc-0daee22351af4fa25"
          },
          "sensitive_attributes": [],
          "private": "eyJlMmJmYjczMC1lY2FhLTExZTYtOGY4OC0zNDM2M2JjN2M0YzAiOnsiY3JlYXRlIjo2MDAwMDAwMDAwMDAsImRlbGV0ZSI6OTAwMDAwMDAwMDAwfSwic2NoZW1hX3ZlcnNpb24iOiIxIn0=",
          "dependencies": [
            "module.restaurant_svc_ecr.aws_ecr_repository.this",
            "module.restaurant_svc_lambda.data.aws_vpc.selected"
          ],
          "create_before_destroy": true
        }
      ]
    }
  ],
  "check_results": null
}
